
Microsoft Visual Studio Solution File, Format Version 12.00
# Visual Studio Version 16
VisualStudioVersion = 16.0.29318.209
MinimumVisualStudioVersion = 10.0.40219.1
Project("{FAE04EC0-301F-11D3-BF4B-00C04F79EFBC}") = "WpfApp3", "WpfApp3.csproj", "{75A4221C-DD07-443D-9273-2E15E3505588}"
EndProject
Global
	GlobalSection(SolutionConfigurationPlatforms) = preSolution
		Debug|Any CPU = Debug|Any CPU
		Release|Any CPU = Release|Any CPU
	EndGlobalSection
	GlobalSection(ProjectConfigurationPlatforms) = postSolution
		{75A4221C-DD07-443D-9273-2E15E3505588}.Debug|Any CPU.ActiveCfg = Debug|Any CPU
		{75A4221C-DD07-443D-9273-2E15E3505588}.Debug|Any CPU.Build.0 = Debug|Any CPU
		{75A4221C-DD07-443D-9273-2E15E3505588}.Release|Any CPU.ActiveCfg = Release|Any CPU
		{75A4221C-DD07-443D-9273-2E15E3505588}.Release|Any CPU.Build.0 = Release|Any CPU
	EndGlobalSection
	GlobalSection(SolutionProperties) = preSolution
		HideSolutionNode = FALSE
	EndGlobalSection
	GlobalSection(ExtensibilityGlobals) = postSolution
		SolutionGuid = {8DB66B35-DC38-45D0-8A48-8DB5C211019C}
	EndGlobalSection
EndGlobal
