
Microsoft Visual Studio Solution File, Format Version 12.00
# Visual Studio Version 16
VisualStudioVersion = 16.0.29318.209
MinimumVisualStudioVersion = 10.0.40219.1
Project("{FAE04EC0-301F-11D3-BF4B-00C04F79EFBC}") = "WpfAppExam", "WpfAppExam.csproj", "{2FDBEF79-1711-4C0E-9F8A-D19242D728A5}"
EndProject
Global
	GlobalSection(SolutionConfigurationPlatforms) = preSolution
		Debug|Any CPU = Debug|Any CPU
		Release|Any CPU = Release|Any CPU
	EndGlobalSection
	GlobalSection(ProjectConfigurationPlatforms) = postSolution
		{2FDBEF79-1711-4C0E-9F8A-D19242D728A5}.Debug|Any CPU.ActiveCfg = Debug|Any CPU
		{2FDBEF79-1711-4C0E-9F8A-D19242D728A5}.Debug|Any CPU.Build.0 = Debug|Any CPU
		{2FDBEF79-1711-4C0E-9F8A-D19242D728A5}.Release|Any CPU.ActiveCfg = Release|Any CPU
		{2FDBEF79-1711-4C0E-9F8A-D19242D728A5}.Release|Any CPU.Build.0 = Release|Any CPU
	EndGlobalSection
	GlobalSection(SolutionProperties) = preSolution
		HideSolutionNode = FALSE
	EndGlobalSection
	GlobalSection(ExtensibilityGlobals) = postSolution
		SolutionGuid = {E7990BF4-9D0C-40AC-95CB-087B894222CF}
	EndGlobalSection
EndGlobal
