
Microsoft Visual Studio Solution File, Format Version 12.00
# Visual Studio Version 16
VisualStudioVersion = 16.0.29318.209
MinimumVisualStudioVersion = 10.0.40219.1
Project("{FAE04EC0-301F-11D3-BF4B-00C04F79EFBC}") = "WpfApp7_1", "WpfApp7_1.csproj", "{9DDC0663-03DE-4A8F-8279-9BFD09670096}"
EndProject
Global
	GlobalSection(SolutionConfigurationPlatforms) = preSolution
		Debug|Any CPU = Debug|Any CPU
		Release|Any CPU = Release|Any CPU
	EndGlobalSection
	GlobalSection(ProjectConfigurationPlatforms) = postSolution
		{9DDC0663-03DE-4A8F-8279-9BFD09670096}.Debug|Any CPU.ActiveCfg = Debug|Any CPU
		{9DDC0663-03DE-4A8F-8279-9BFD09670096}.Debug|Any CPU.Build.0 = Debug|Any CPU
		{9DDC0663-03DE-4A8F-8279-9BFD09670096}.Release|Any CPU.ActiveCfg = Release|Any CPU
		{9DDC0663-03DE-4A8F-8279-9BFD09670096}.Release|Any CPU.Build.0 = Release|Any CPU
	EndGlobalSection
	GlobalSection(SolutionProperties) = preSolution
		HideSolutionNode = FALSE
	EndGlobalSection
	GlobalSection(ExtensibilityGlobals) = postSolution
		SolutionGuid = {718F24E3-D734-4E3C-AD94-21000AAD8ACE}
	EndGlobalSection
EndGlobal
